// !$*UTF8*$!
{
	archiveVersion = 1;
	classes = {
	};
	objectVersion = 56;
	objects = {

/* Begin PBXBuildFile section */
		4DCE78552AD265C3009C7C4D /* AppDelegate.swift in Sources */ = {isa = PBXBuildFile; fileRef = 4DCE78542AD265C3009C7C4D /* AppDelegate.swift */; };
		4DCE78572AD265C3009C7C4D /* SceneDelegate.swift in Sources */ = {isa = PBXBuildFile; fileRef = 4DCE78562AD265C3009C7C4D /* SceneDelegate.swift */; };
		4DCE78592AD265C3009C7C4D /* ViewController.swift in Sources */ = {isa = PBXBuildFile; fileRef = 4DCE78582AD265C3009C7C4D /* ViewController.swift */; };
		4DCE785C2AD265C3009C7C4D /* Main.storyboard in Resources */ = {isa = PBXBuildFile; fileRef = 4DCE785A2AD265C3009C7C4D /* Main.storyboard */; };
		4DCE785E2AD265C5009C7C4D /* Assets.xcassets in Resources */ = {isa = PBXBuildFile; fileRef = 4DCE785D2AD265C5009C7C4D /* Assets.xcassets */; };
		4DCE78612AD265C5009C7C4D /* LaunchScreen.storyboard in Resources */ = {isa = PBXBuildFile; fileRef = 4DCE785F2AD265C5009C7C4D /* LaunchScreen.storyboard */; };
		4DCE786C2AD265C5009C7C4D /* Mood_App_PatriotHack_23Tests.swift in Sources */ = {isa = PBXBuildFile; fileRef = 4DCE786B2AD265C5009C7C4D /* Mood_App_PatriotHack_23Tests.swift */; };
		4DCE78762AD265C5009C7C4D /* Mood_App_PatriotHack_23UITests.swift in Sources */ = {isa = PBXBuildFile; fileRef = 4DCE78752AD265C5009C7C4D /* Mood_App_PatriotHack_23UITests.swift */; };
		4DCE78782AD265C5009C7C4D /* Mood_App_PatriotHack_23UITestsLaunchTests.swift in Sources */ = {isa = PBXBuildFile; fileRef = 4DCE78772AD265C5009C7C4D /* Mood_App_PatriotHack_23UITestsLaunchTests.swift */; };
		4DCE78872AD26C37009C7C4D /* HoltwoodOneSC-Regular.ttf in Resources */ = {isa = PBXBuildFile; fileRef = 4DCE78862AD26C37009C7C4D /* HoltwoodOneSC-Regular.ttf */; };
/* End PBXBuildFile section */

/* Begin PBXContainerItemProxy section */
		4DCE78682AD265C5009C7C4D /* PBXContainerItemProxy */ = {
			isa = PBXContainerItemProxy;
			containerPortal = 4DCE78492AD265C3009C7C4D /* Project object */;
			proxyType = 1;
			remoteGlobalIDString = 4DCE78502AD265C3009C7C4D;
			remoteInfo = "Mood App PatriotHack 23";
		};
		4DCE78722AD265C5009C7C4D /* PBXContainerItemProxy */ = {
			isa = PBXContainerItemProxy;
			containerPortal = 4DCE78492AD265C3009C7C4D /* Project object */;
			proxyType = 1;
			remoteGlobalIDString = 4DCE78502AD265C3009C7C4D;
			remoteInfo = "Mood App PatriotHack 23";
		};
/* End PBXContainerItemProxy section */

/* Begin PBXFileReference section */
		4DCE78512AD265C3009C7C4D /* Mood App PatriotHack 23.app */ = {isa = PBXFileReference; explicitFileType = wrapper.application; includeInIndex = 0; path = "Mood App PatriotHack 23.app"; sourceTree = BUILT_PRODUCTS_DIR; };
		4DCE78542AD265C3009C7C4D /* AppDelegate.swift */ = {isa = PBXFileReference; lastKnownFileType = sourcecode.swift; path = AppDelegate.swift; sourceTree = "<group>"; };
		4DCE78562AD265C3009C7C4D /* SceneDelegate.swift */ = {isa = PBXFileReference; lastKnownFileType = sourcecode.swift; path = SceneDelegate.swift; sourceTree = "<group>"; };
		4DCE78582AD265C3009C7C4D /* ViewController.swift */ = {isa = PBXFileReference; lastKnownFileType = sourcecode.swift; path = ViewController.swift; sourceTree = "<group>"; };
		4DCE785B2AD265C3009C7C4D /* Base */ = {isa = PBXFileReference; lastKnownFileType = file.storyboard; name = Base; path = Base.lproj/Main.storyboard; sourceTree = "<group>"; };
		4DCE785D2AD265C5009C7C4D /* Assets.xcassets */ = {isa = PBXFileReference; lastKnownFileType = folder.assetcatalog; path = Assets.xcassets; sourceTree = "<group>"; };
		4DCE78602AD265C5009C7C4D /* Base */ = {isa = PBXFileReference; lastKnownFileType = file.storyboard; name = Base; path = Base.lproj/LaunchScreen.storyboard; sourceTree = "<group>"; };
		4DCE78622AD265C5009C7C4D /* Info.plist */ = {isa = PBXFileReference; lastKnownFileType = text.plist.xml; path = Info.plist; sourceTree = "<group>"; };
		4DCE78672AD265C5009C7C4D /* Mood App PatriotHack 23Tests.xctest */ = {isa = PBXFileReference; explicitFileType = wrapper.cfbundle; includeInIndex = 0; path = "Mood App PatriotHack 23Tests.xctest"; sourceTree = BUILT_PRODUCTS_DIR; };
		4DCE786B2AD265C5009C7C4D /* Mood_App_PatriotHack_23Tests.swift */ = {isa = PBXFileReference; lastKnownFileType = sourcecode.swift; path = Mood_App_PatriotHack_23Tests.swift; sourceTree = "<group>"; };
		4DCE78712AD265C5009C7C4D /* Mood App PatriotHack 23UITests.xctest */ = {isa = PBXFileReference; explicitFileType = wrapper.cfbundle; includeInIndex = 0; path = "Mood App PatriotHack 23UITests.xctest"; sourceTree = BUILT_PRODUCTS_DIR; };
		4DCE78752AD265C5009C7C4D /* Mood_App_PatriotHack_23UITests.swift */ = {isa = PBXFileReference; lastKnownFileType = sourcecode.swift; path = Mood_App_PatriotHack_23UITests.swift; sourceTree = "<group>"; };
		4DCE78772AD265C5009C7C4D /* Mood_App_PatriotHack_23UITestsLaunchTests.swift */ = {isa = PBXFileReference; lastKnownFileType = sourcecode.swift; path = Mood_App_PatriotHack_23UITestsLaunchTests.swift; sourceTree = "<group>"; };
		4DCE78862AD26C37009C7C4D /* HoltwoodOneSC-Regular.ttf */ = {isa = PBXFileReference; lastKnownFileType = file; path = "HoltwoodOneSC-Regular.ttf"; sourceTree = "<group>"; };
/* End PBXFileReference section */

/* Begin PBXFrameworksBuildPhase section */
		4DCE784E2AD265C3009C7C4D /* Frameworks */ = {
			isa = PBXFrameworksBuildPhase;
			buildActionMask = 2147483647;
			files = (
			);
			runOnlyForDeploymentPostprocessing = 0;
		};
		4DCE78642AD265C5009C7C4D /* Frameworks */ = {
			isa = PBXFrameworksBuildPhase;
			buildActionMask = 2147483647;
			files = (
			);
			runOnlyForDeploymentPostprocessing = 0;
		};
		4DCE786E2AD265C5009C7C4D /* Frameworks */ = {
			isa = PBXFrameworksBuildPhase;
			buildActionMask = 2147483647;
			files = (
			);
			runOnlyForDeploymentPostprocessing = 0;
		};
/* End PBXFrameworksBuildPhase section */

/* Begin PBXGroup section */
		4DCE78482AD265C3009C7C4D = {
			isa = PBXGroup;
			children = (
				4DCE78532AD265C3009C7C4D /* Mood App PatriotHack 23 */,
				4DCE786A2AD265C5009C7C4D /* Mood App PatriotHack 23Tests */,
				4DCE78742AD265C5009C7C4D /* Mood App PatriotHack 23UITests */,
				4DCE78522AD265C3009C7C4D /* Products */,
			);
			sourceTree = "<group>";
		};
		4DCE78522AD265C3009C7C4D /* Products */ = {
			isa = PBXGroup;
			children = (
				4DCE78512AD265C3009C7C4D /* Mood App PatriotHack 23.app */,
				4DCE78672AD265C5009C7C4D /* Mood App PatriotHack 23Tests.xctest */,
				4DCE78712AD265C5009C7C4D /* Mood App PatriotHack 23UITests.xctest */,
			);
			name = Products;
			sourceTree = "<group>";
		};
		4DCE78532AD265C3009C7C4D /* Mood App PatriotHack 23 */ = {
			isa = PBXGroup;
			children = (
				4DCE78542AD265C3009C7C4D /* AppDelegate.swift */,
				4DCE78562AD265C3009C7C4D /* SceneDelegate.swift */,
				4DCE78582AD265C3009C7C4D /* ViewController.swift */,
				4DCE785A2AD265C3009C7C4D /* Main.storyboard */,
				4DCE785D2AD265C5009C7C4D /* Assets.xcassets */,
				4DCE785F2AD265C5009C7C4D /* LaunchScreen.storyboard */,
				4DCE78622AD265C5009C7C4D /* Info.plist */,
				4DCE78852AD26B27009C7C4D /* Fonts */,
			);
			path = "Mood App PatriotHack 23";
			sourceTree = "<group>";
		};
		4DCE786A2AD265C5009C7C4D /* Mood App PatriotHack 23Tests */ = {
			isa = PBXGroup;
			children = (
				4DCE786B2AD265C5009C7C4D /* Mood_App_PatriotHack_23Tests.swift */,
			);
			path = "Mood App PatriotHack 23Tests";
			sourceTree = "<group>";
		};
		4DCE78742AD265C5009C7C4D /* Mood App PatriotHack 23UITests */ = {
			isa = PBXGroup;
			children = (
				4DCE78752AD265C5009C7C4D /* Mood_App_PatriotHack_23UITests.swift */,
				4DCE78772AD265C5009C7C4D /* Mood_App_PatriotHack_23UITestsLaunchTests.swift */,
			);
			path = "Mood App PatriotHack 23UITests";
			sourceTree = "<group>";
		};
		4DCE78852AD26B27009C7C4D /* Fonts */ = {
			isa = PBXGroup;
			children = (
				4DCE78862AD26C37009C7C4D /* HoltwoodOneSC-Regular.ttf */,
			);
			path = Fonts;
			sourceTree = "<group>";
		};
/* End PBXGroup section */

/* Begin PBXNativeTarget section */
		4DCE78502AD265C3009C7C4D /* Mood App PatriotHack 23 */ = {
			isa = PBXNativeTarget;
			buildConfigurationList = 4DCE787B2AD265C5009C7C4D /* Build configuration list for PBXNativeTarget "Mood App PatriotHack 23" */;
			buildPhases = (
				4DCE784D2AD265C3009C7C4D /* Sources */,
				4DCE784E2AD265C3009C7C4D /* Frameworks */,
				4DCE784F2AD265C3009C7C4D /* Resources */,
			);
			buildRules = (
			);
			dependencies = (
			);
			name = "Mood App PatriotHack 23";
			productName = "Mood App PatriotHack 23";
			productReference = 4DCE78512AD265C3009C7C4D /* Mood App PatriotHack 23.app */;
			productType = "com.apple.product-type.application";
		};
		4DCE78662AD265C5009C7C4D /* Mood App PatriotHack 23Tests */ = {
			isa = PBXNativeTarget;
			buildConfigurationList = 4DCE787E2AD265C5009C7C4D /* Build configuration list for PBXNativeTarget "Mood App PatriotHack 23Tests" */;
			buildPhases = (
				4DCE78632AD265C5009C7C4D /* Sources */,
				4DCE78642AD265C5009C7C4D /* Frameworks */,
				4DCE78652AD265C5009C7C4D /* Resources */,
			);
			buildRules = (
			);
			dependencies = (
				4DCE78692AD265C5009C7C4D /* PBXTargetDependency */,
			);
			name = "Mood App PatriotHack 23Tests";
			productName = "Mood App PatriotHack 23Tests";
			productReference = 4DCE78672AD265C5009C7C4D /* Mood App PatriotHack 23Tests.xctest */;
			productType = "com.apple.product-type.bundle.unit-test";
		};
		4DCE78702AD265C5009C7C4D /* Mood App PatriotHack 23UITests */ = {
			isa = PBXNativeTarget;
			buildConfigurationList = 4DCE78812AD265C5009C7C4D /* Build configuration list for PBXNativeTarget "Mood App PatriotHack 23UITests" */;
			buildPhases = (
				4DCE786D2AD265C5009C7C4D /* Sources */,
				4DCE786E2AD265C5009C7C4D /* Frameworks */,
				4DCE786F2AD265C5009C7C4D /* Resources */,
			);
			buildRules = (
			);
			dependencies = (
				4DCE78732AD265C5009C7C4D /* PBXTargetDependency */,
			);
			name = "Mood App PatriotHack 23UITests";
			productName = "Mood App PatriotHack 23UITests";
			productReference = 4DCE78712AD265C5009C7C4D /* Mood App PatriotHack 23UITests.xctest */;
			productType = "com.apple.product-type.bundle.ui-testing";
		};
/* End PBXNativeTarget section */

/* Begin PBXProject section */
		4DCE78492AD265C3009C7C4D /* Project object */ = {
			isa = PBXProject;
			attributes = {
				BuildIndependentTargetsInParallel = 1;
				LastSwiftUpdateCheck = 1500;
				LastUpgradeCheck = 1500;
				TargetAttributes = {
					4DCE78502AD265C3009C7C4D = {
						CreatedOnToolsVersion = 15.0;
					};
					4DCE78662AD265C5009C7C4D = {
						CreatedOnToolsVersion = 15.0;
						TestTargetID = 4DCE78502AD265C3009C7C4D;
					};
					4DCE78702AD265C5009C7C4D = {
						CreatedOnToolsVersion = 15.0;
						TestTargetID = 4DCE78502AD265C3009C7C4D;
					};
				};
			};
			buildConfigurationList = 4DCE784C2AD265C3009C7C4D /* Build configuration list for PBXProject "Mood App PatriotHack 23" */;
			compatibilityVersion = "Xcode 14.0";
			developmentRegion = en;
			hasScannedForEncodings = 0;
			knownRegions = (
				en,
				Base,
			);
			mainGroup = 4DCE78482AD265C3009C7C4D;
			productRefGroup = 4DCE78522AD265C3009C7C4D /* Products */;
			projectDirPath = "";
			projectRoot = "";
			targets = (
				4DCE78502AD265C3009C7C4D /* Mood App PatriotHack 23 */,
				4DCE78662AD265C5009C7C4D /* Mood App PatriotHack 23Tests */,
				4DCE78702AD265C5009C7C4D /* Mood App PatriotHack 23UITests */,
			);
		};
/* End PBXProject section */

/* Begin PBXResourcesBuildPhase section */
		4DCE784F2AD265C3009C7C4D /* Resources */ = {
			isa = PBXResourcesBuildPhase;
			buildActionMask = 2147483647;
			files = (
				4DCE78872AD26C37009C7C4D /* HoltwoodOneSC-Regular.ttf in Resources */,
				4DCE78612AD265C5009C7C4D /* LaunchScreen.storyboard in Resources */,
				4DCE785E2AD265C5009C7C4D /* Assets.xcassets in Resources */,
				4DCE785C2AD265C3009C7C4D /* Main.storyboard in Resources */,
			);
			runOnlyForDeploymentPostprocessing = 0;
		};
		4DCE78652AD265C5009C7C4D /* Resources */ = {
			isa = PBXResourcesBuildPhase;
			buildActionMask = 2147483647;
			files = (
			);
			runOnlyForDeploymentPostprocessing = 0;
		};
		4DCE786F2AD265C5009C7C4D /* Resources */ = {
			isa = PBXResourcesBuildPhase;
			buildActionMask = 2147483647;
			files = (
			);
			runOnlyForDeploymentPostprocessing = 0;
		};
/* End PBXResourcesBuildPhase section */

/* Begin PBXSourcesBuildPhase section */
		4DCE784D2AD265C3009C7C4D /* Sources */ = {
			isa = PBXSourcesBuildPhase;
			buildActionMask = 2147483647;
			files = (
				4DCE78592AD265C3009C7C4D /* ViewController.swift in Sources */,
				4DCE78552AD265C3009C7C4D /* AppDelegate.swift in Sources */,
				4DCE78572AD265C3009C7C4D /* SceneDelegate.swift in Sources */,
			);
			runOnlyForDeploymentPostprocessing = 0;
		};
		4DCE78632AD265C5009C7C4D /* Sources */ = {
			isa = PBXSourcesBuildPhase;
			buildActionMask = 2147483647;
			files = (
				4DCE786C2AD265C5009C7C4D /* Mood_App_PatriotHack_23Tests.swift in Sources */,
			);
			runOnlyForDeploymentPostprocessing = 0;
		};
		4DCE786D2AD265C5009C7C4D /* Sources */ = {
			isa = PBXSourcesBuildPhase;
			buildActionMask = 2147483647;
			files = (
				4DCE78762AD265C5009C7C4D /* Mood_App_PatriotHack_23UITests.swift in Sources */,
				4DCE78782AD265C5009C7C4D /* Mood_App_PatriotHack_23UITestsLaunchTests.swift in Sources */,
			);
			runOnlyForDeploymentPostprocessing = 0;
		};
/* End PBXSourcesBuildPhase section */

/* Begin PBXTargetDependency section */
		4DCE78692AD265C5009C7C4D /* PBXTargetDependency */ = {
			isa = PBXTargetDependency;
			target = 4DCE78502AD265C3009C7C4D /* Mood App PatriotHack 23 */;
			targetProxy = 4DCE78682AD265C5009C7C4D /* PBXContainerItemProxy */;
		};
		4DCE78732AD265C5009C7C4D /* PBXTargetDependency */ = {
			isa = PBXTargetDependency;
			target = 4DCE78502AD265C3009C7C4D /* Mood App PatriotHack 23 */;
			targetProxy = 4DCE78722AD265C5009C7C4D /* PBXContainerItemProxy */;
		};
/* End PBXTargetDependency section */

/* Begin PBXVariantGroup section */
		4DCE785A2AD265C3009C7C4D /* Main.storyboard */ = {
			isa = PBXVariantGroup;
			children = (
				4DCE785B2AD265C3009C7C4D /* Base */,
			);
			name = Main.storyboard;
			sourceTree = "<group>";
		};
		4DCE785F2AD265C5009C7C4D /* LaunchScreen.storyboard */ = {
			isa = PBXVariantGroup;
			children = (
				4DCE78602AD265C5009C7C4D /* Base */,
			);
			name = LaunchScreen.storyboard;
			sourceTree = "<group>";
		};
/* End PBXVariantGroup section */

/* Begin XCBuildConfiguration section */
		4DCE78792AD265C5009C7C4D /* Debug */ = {
			isa = XCBuildConfiguration;
			buildSettings = {
				ALWAYS_SEARCH_USER_PATHS = NO;
				ASSETCATALOG_COMPILER_GENERATE_SWIFT_ASSET_SYMBOL_EXTENSIONS = YES;
				CLANG_ANALYZER_NONNULL = YES;
				CLANG_ANALYZER_NUMBER_OBJECT_CONVERSION = YES_AGGRESSIVE;
				CLANG_CXX_LANGUAGE_STANDARD = "gnu++20";
				CLANG_ENABLE_MODULES = YES;
				CLANG_ENABLE_OBJC_ARC = YES;
				CLANG_ENABLE_OBJC_WEAK = YES;
				CLANG_WARN_BLOCK_CAPTURE_AUTORELEASING = YES;
				CLANG_WARN_BOOL_CONVERSION = YES;
				CLANG_WARN_COMMA = YES;
				CLANG_WARN_CONSTANT_CONVERSION = YES;
				CLANG_WARN_DEPRECATED_OBJC_IMPLEMENTATIONS = YES;
				CLANG_WARN_DIRECT_OBJC_ISA_USAGE = YES_ERROR;
				CLANG_WARN_DOCUMENTATION_COMMENTS = YES;
				CLANG_WARN_EMPTY_BODY = YES;
				CLANG_WARN_ENUM_CONVERSION = YES;
				CLANG_WARN_INFINITE_RECURSION = YES;
				CLANG_WARN_INT_CONVERSION = YES;
				CLANG_WARN_NON_LITERAL_NULL_CONVERSION = YES;
				CLANG_WARN_OBJC_IMPLICIT_RETAIN_SELF = YES;
				CLANG_WARN_OBJC_LITERAL_CONVERSION = YES;
				CLANG_WARN_OBJC_ROOT_CLASS = YES_ERROR;
				CLANG_WARN_QUOTED_INCLUDE_IN_FRAMEWORK_HEADER = YES;
				CLANG_WARN_RANGE_LOOP_ANALYSIS = YES;
				CLANG_WARN_STRICT_PROTOTYPES = YES;
				CLANG_WARN_SUSPICIOUS_MOVE = YES;
				CLANG_WARN_UNGUARDED_AVAILABILITY = YES_AGGRESSIVE;
				CLANG_WARN_UNREACHABLE_CODE = YES;
				CLANG_WARN__DUPLICATE_METHOD_MATCH = YES;
				COPY_PHASE_STRIP = NO;
				DEBUG_INFORMATION_FORMAT = dwarf;
				ENABLE_STRICT_OBJC_MSGSEND = YES;
				ENABLE_TESTABILITY = YES;
				ENABLE_USER_SCRIPT_SANDBOXING = YES;
				GCC_C_LANGUAGE_STANDARD = gnu17;
				GCC_DYNAMIC_NO_PIC = NO;
				GCC_NO_COMMON_BLOCKS = YES;
				GCC_OPTIMIZATION_LEVEL = 0;
				GCC_PREPROCESSOR_DEFINITIONS = (
					"DEBUG=1",
					"$(inherited)",
				);
				GCC_WARN_64_TO_32_BIT_CONVERSION = YES;
				GCC_WARN_ABOUT_RETURN_TYPE = YES_ERROR;
				GCC_WARN_UNDECLARED_SELECTOR = YES;
				GCC_WARN_UNINITIALIZED_AUTOS = YES_AGGRESSIVE;
				GCC_WARN_UNUSED_FUNCTION = YES;
				GCC_WARN_UNUSED_VARIABLE = YES;
				INFOPLIST_KEY_CFBundleDisplayName = "Mooo-d";
				IPHONEOS_DEPLOYMENT_TARGET = 17.0;
				LOCALIZATION_PREFERS_STRING_CATALOGS = YES;
				MTL_ENABLE_DEBUG_INFO = INCLUDE_SOURCE;
				MTL_FAST_MATH = YES;
				ONLY_ACTIVE_ARCH = YES;
				SDKROOT = iphoneos;
				SWIFT_ACTIVE_COMPILATION_CONDITIONS = "DEBUG $(inherited)";
				SWIFT_OPTIMIZATION_LEVEL = "-Onone";
			};
			name = Debug;
		};
		4DCE787A2AD265C5009C7C4D /* Release */ = {
			isa = XCBuildConfiguration;
			buildSettings = {
				ALWAYS_SEARCH_USER_PATHS = NO;
				ASSETCATALOG_COMPILER_GENERATE_SWIFT_ASSET_SYMBOL_EXTENSIONS = YES;
				CLANG_ANALYZER_NONNULL = YES;
				CLANG_ANALYZER_NUMBER_OBJECT_CONVERSION = YES_AGGRESSIVE;
				CLANG_CXX_LANGUAGE_STANDARD = "gnu++20";
				CLANG_ENABLE_MODULES = YES;
				CLANG_ENABLE_OBJC_ARC = YES;
				CLANG_ENABLE_OBJC_WEAK = YES;
				CLANG_WARN_BLOCK_CAPTURE_AUTORELEASING = YES;
				CLANG_WARN_BOOL_CONVERSION = YES;
				CLANG_WARN_COMMA = YES;
				CLANG_WARN_CONSTANT_CONVERSION = YES;
				CLANG_WARN_DEPRECATED_OBJC_IMPLEMENTATIONS = YES;
				CLANG_WARN_DIRECT_OBJC_ISA_USAGE = YES_ERROR;
				CLANG_WARN_DOCUMENTATION_COMMENTS = YES;
				CLANG_WARN_EMPTY_BODY = YES;
				CLANG_WARN_ENUM_CONVERSION = YES;
				CLANG_WARN_INFINITE_RECURSION = YES;
				CLANG_WARN_INT_CONVERSION = YES;
				CLANG_WARN_NON_LITERAL_NULL_CONVERSION = YES;
				CLANG_WARN_OBJC_IMPLICIT_RETAIN_SELF = YES;
				CLANG_WARN_OBJC_LITERAL_CONVERSION = YES;
				CLANG_WARN_OBJC_ROOT_CLASS = YES_ERROR;
				CLANG_WARN_QUOTED_INCLUDE_IN_FRAMEWORK_HEADER = YES;
				CLANG_WARN_RANGE_LOOP_ANALYSIS = YES;
				CLANG_WARN_STRICT_PROTOTYPES = YES;
				CLANG_WARN_SUSPICIOUS_MOVE = YES;
				CLANG_WARN_UNGUARDED_AVAILABILITY = YES_AGGRESSIVE;
				CLANG_WARN_UNREACHABLE_CODE = YES;
				CLANG_WARN__DUPLICATE_METHOD_MATCH = YES;
				COPY_PHASE_STRIP = NO;
				DEBUG_INFORMATION_FORMAT = "dwarf-with-dsym";
				ENABLE_NS_ASSERTIONS = NO;
				ENABLE_STRICT_OBJC_MSGSEND = YES;
				ENABLE_USER_SCRIPT_SANDBOXING = YES;
				GCC_C_LANGUAGE_STANDARD = gnu17;
				GCC_NO_COMMON_BLOCKS = YES;
				GCC_WARN_64_TO_32_BIT_CONVERSION = YES;
				GCC_WARN_ABOUT_RETURN_TYPE = YES_ERROR;
				GCC_WARN_UNDECLARED_SELECTOR = YES;
				GCC_WARN_UNINITIALIZED_AUTOS = YES_AGGRESSIVE;
				GCC_WARN_UNUSED_FUNCTION = YES;
				GCC_WARN_UNUSED_VARIABLE = YES;
				INFOPLIST_KEY_CFBundleDisplayName = "Mooo-d";
				IPHONEOS_DEPLOYMENT_TARGET = 17.0;
				LOCALIZATION_PREFERS_STRING_CATALOGS = YES;
				MTL_ENABLE_DEBUG_INFO = NO;
				MTL_FAST_MATH = YES;
				SDKROOT = iphoneos;
				SWIFT_COMPILATION_MODE = wholemodule;
				VALIDATE_PRODUCT = YES;
			};
			name = Release;
		};
		4DCE787C2AD265C5009C7C4D /* Debug */ = {
			isa = XCBuildConfiguration;
			buildSettings = {
				ASSETCATALOG_COMPILER_APPICON_NAME = AppIcon;
				ASSETCATALOG_COMPILER_GLOBAL_ACCENT_COLOR_NAME = AccentColor;
				CODE_SIGN_STYLE = Automatic;
				CURRENT_PROJECT_VERSION = 1;
				DEVELOPMENT_TEAM = ZD2R9VK299;
				GENERATE_INFOPLIST_FILE = YES;
				INFOPLIST_FILE = "Mood App PatriotHack 23/Info.plist";
				INFOPLIST_KEY_CFBundleDisplayName = "Mooo-d";
				INFOPLIST_KEY_UIApplicationSupportsIndirectInputEvents = YES;
				INFOPLIST_KEY_UILaunchStoryboardName = LaunchScreen;
				INFOPLIST_KEY_UIMainStoryboardFile = Main;
				INFOPLIST_KEY_UISupportedInterfaceOrientations_iPad = "UIInterfaceOrientationPortrait UIInterfaceOrientationPortraitUpsideDown UIInterfaceOrientationLandscapeLeft UIInterfaceOrientationLandscapeRight";
				INFOPLIST_KEY_UISupportedInterfaceOrientations_iPhone = "UIInterfaceOrientationPortrait UIInterfaceOrientationLandscapeLeft UIInterfaceOrientationLandscapeRight";
				LD_RUNPATH_SEARCH_PATHS = (
					"$(inherited)",
					"@executable_path/Frameworks",
				);
				MARKETING_VERSION = 1.0;
				PRODUCT_BUNDLE_IDENTIFIER = "ML-Choppas.Mood-App-PatriotHack-23";
				PRODUCT_NAME = "$(TARGET_NAME)";
				SWIFT_EMIT_LOC_STRINGS = YES;
				SWIFT_VERSION = 5.0;
				TARGETED_DEVICE_FAMILY = "1,2";
			};
			name = Debug;
		};
		4DCE787D2AD265C5009C7C4D /* Release */ = {
			isa = XCBuildConfiguration;
			buildSettings = {
				ASSETCATALOG_COMPILER_APPICON_NAME = AppIcon;
				ASSETCATALOG_COMPILER_GLOBAL_ACCENT_COLOR_NAME = AccentColor;
				CODE_SIGN_STYLE = Automatic;
				CURRENT_PROJECT_VERSION = 1;
				DEVELOPMENT_TEAM = ZD2R9VK299;
				GENERATE_INFOPLIST_FILE = YES;
				INFOPLIST_FILE = "Mood App PatriotHack 23/Info.plist";
				INFOPLIST_KEY_CFBundleDisplayName = "Mooo-d";
				INFOPLIST_KEY_UIApplicationSupportsIndirectInputEvents = YES;
				INFOPLIST_KEY_UILaunchStoryboardName = LaunchScreen;
				INFOPLIST_KEY_UIMainStoryboardFile = Main;
				INFOPLIST_KEY_UISupportedInterfaceOrientations_iPad = "UIInterfaceOrientationPortrait UIInterfaceOrientationPortraitUpsideDown UIInterfaceOrientationLandscapeLeft UIInterfaceOrientationLandscapeRight";
				INFOPLIST_KEY_UISupportedInterfaceOrientations_iPhone = "UIInterfaceOrientationPortrait UIInterfaceOrientationLandscapeLeft UIInterfaceOrientationLandscapeRight";
				LD_RUNPATH_SEARCH_PATHS = (
					"$(inherited)",
					"@executable_path/Frameworks",
				);
				MARKETING_VERSION = 1.0;
				PRODUCT_BUNDLE_IDENTIFIER = "ML-Choppas.Mood-App-PatriotHack-23";
				PRODUCT_NAME = "$(TARGET_NAME)";
				SWIFT_EMIT_LOC_STRINGS = YES;
				SWIFT_VERSION = 5.0;
				TARGETED_DEVICE_FAMILY = "1,2";
			};
			name = Release;
		};
		4DCE787F2AD265C5009C7C4D /* Debug */ = {
			isa = XCBuildConfiguration;
			buildSettings = {
				ALWAYS_EMBED_SWIFT_STANDARD_LIBRARIES = YES;
				BUNDLE_LOADER = "$(TEST_HOST)";
				CODE_SIGN_STYLE = Automatic;
				CURRENT_PROJECT_VERSION = 1;
				DEVELOPMENT_TEAM = ZD2R9VK299;
				GENERATE_INFOPLIST_FILE = YES;
				IPHONEOS_DEPLOYMENT_TARGET = 17.0;
				MARKETING_VERSION = 1.0;
				PRODUCT_BUNDLE_IDENTIFIER = "ML-Choppas.Mood-App-PatriotHack-23Tests";
				PRODUCT_NAME = "$(TARGET_NAME)";
				SWIFT_EMIT_LOC_STRINGS = NO;
				SWIFT_VERSION = 5.0;
				TARGETED_DEVICE_FAMILY = "1,2";
				TEST_HOST = "$(BUILT_PRODUCTS_DIR)/Mood App PatriotHack 23.app/$(BUNDLE_EXECUTABLE_FOLDER_PATH)/Mood App PatriotHack 23";
			};
			name = Debug;
		};
		4DCE78802AD265C5009C7C4D /* Release */ = {
			isa = XCBuildConfiguration;
			buildSettings = {
				ALWAYS_EMBED_SWIFT_STANDARD_LIBRARIES = YES;
				BUNDLE_LOADER = "$(TEST_HOST)";
				CODE_SIGN_STYLE = Automatic;
				CURRENT_PROJECT_VERSION = 1;
				DEVELOPMENT_TEAM = ZD2R9VK299;
				GENERATE_INFOPLIST_FILE = YES;
				IPHONEOS_DEPLOYMENT_TARGET = 17.0;
				MARKETING_VERSION = 1.0;
				PRODUCT_BUNDLE_IDENTIFIER = "ML-Choppas.Mood-App-PatriotHack-23Tests";
				PRODUCT_NAME = "$(TARGET_NAME)";
				SWIFT_EMIT_LOC_STRINGS = NO;
				SWIFT_VERSION = 5.0;
				TARGETED_DEVICE_FAMILY = "1,2";
				TEST_HOST = "$(BUILT_PRODUCTS_DIR)/Mood App PatriotHack 23.app/$(BUNDLE_EXECUTABLE_FOLDER_PATH)/Mood App PatriotHack 23";
			};
			name = Release;
		};
		4DCE78822AD265C5009C7C4D /* Debug */ = {
			isa = XCBuildConfiguration;
			buildSettings = {
				ALWAYS_EMBED_SWIFT_STANDARD_LIBRARIES = YES;
				CODE_SIGN_STYLE = Automatic;
				CURRENT_PROJECT_VERSION = 1;
				DEVELOPMENT_TEAM = ZD2R9VK299;
				GENERATE_INFOPLIST_FILE = YES;
				MARKETING_VERSION = 1.0;
				PRODUCT_BUNDLE_IDENTIFIER = "ML-Choppas.Mood-App-PatriotHack-23UITests";
				PRODUCT_NAME = "$(TARGET_NAME)";
				SWIFT_EMIT_LOC_STRINGS = NO;
				SWIFT_VERSION = 5.0;
				TARGETED_DEVICE_FAMILY = "1,2";
				TEST_TARGET_NAME = "Mood App PatriotHack 23";
			};
			name = Debug;
		};
		4DCE78832AD265C5009C7C4D /* Release */ = {
			isa = XCBuildConfiguration;
			buildSettings = {
				ALWAYS_EMBED_SWIFT_STANDARD_LIBRARIES = YES;
				CODE_SIGN_STYLE = Automatic;
				CURRENT_PROJECT_VERSION = 1;
				DEVELOPMENT_TEAM = ZD2R9VK299;
				GENERATE_INFOPLIST_FILE = YES;
				MARKETING_VERSION = 1.0;
				PRODUCT_BUNDLE_IDENTIFIER = "ML-Choppas.Mood-App-PatriotHack-23UITests";
				PRODUCT_NAME = "$(TARGET_NAME)";
				SWIFT_EMIT_LOC_STRINGS = NO;
				SWIFT_VERSION = 5.0;
				TARGETED_DEVICE_FAMILY = "1,2";
				TEST_TARGET_NAME = "Mood App PatriotHack 23";
			};
			name = Release;
		};
/* End XCBuildConfiguration section */

/* Begin XCConfigurationList section */
		4DCE784C2AD265C3009C7C4D /* Build configuration list for PBXProject "Mood App PatriotHack 23" */ = {
			isa = XCConfigurationList;
			buildConfigurations = (
				4DCE78792AD265C5009C7C4D /* Debug */,
				4DCE787A2AD265C5009C7C4D /* Release */,
			);
			defaultConfigurationIsVisible = 0;
			defaultConfigurationName = Release;
		};
		4DCE787B2AD265C5009C7C4D /* Build configuration list for PBXNativeTarget "Mood App PatriotHack 23" */ = {
			isa = XCConfigurationList;
			buildConfigurations = (
				4DCE787C2AD265C5009C7C4D /* Debug */,
				4DCE787D2AD265C5009C7C4D /* Release */,
			);
			defaultConfigurationIsVisible = 0;
			defaultConfigurationName = Release;
		};
		4DCE787E2AD265C5009C7C4D /* Build configuration list for PBXNativeTarget "Mood App PatriotHack 23Tests" */ = {
			isa = XCConfigurationList;
			buildConfigurations = (
				4DCE787F2AD265C5009C7C4D /* Debug */,
				4DCE78802AD265C5009C7C4D /* Release */,
			);
			defaultConfigurationIsVisible = 0;
			defaultConfigurationName = Release;
		};
		4DCE78812AD265C5009C7C4D /* Build configuration list for PBXNativeTarget "Mood App PatriotHack 23UITests" */ = {
			isa = XCConfigurationList;
			buildConfigurations = (
				4DCE78822AD265C5009C7C4D /* Debug */,
				4DCE78832AD265C5009C7C4D /* Release */,
			);
			defaultConfigurationIsVisible = 0;
			defaultConfigurationName = Release;
		};
/* End XCConfigurationList section */
	};
	rootObject = 4DCE78492AD265C3009C7C4D /* Project object */;
}
